
Microsoft Visual Studio Solution File, Format Version 12.00
# Visual Studio Version 16
VisualStudioVersion = 16.0.37327.17
MinimumVisualStudioVersion = 10.0.40219.1
Project("{FAE04EC0-301F-11D3-BF4B-00C04F79EFBC}") = "Agendamento", "Agendamento\Agendamento.csproj", "{895D7DCD-1FC8-4F11-9048-68EBE1C4D842}"
EndProject
Global
	GlobalSection(SolutionConfigurationPlatforms) = preSolution
		Debug|Any CPU = Debug|Any CPU
		Release|Any CPU = Release|Any CPU
	EndGlobalSection
	GlobalSection(ProjectConfigurationPlatforms) = postSolution
		{895D7DCD-1FC8-4F11-9048-68EBE1C4D842}.Debug|Any CPU.ActiveCfg = Debug|Any CPU
		{895D7DCD-1FC8-4F11-9048-68EBE1C4D842}.Debug|Any CPU.Build.0 = Debug|Any CPU
		{895D7DCD-1FC8-4F11-9048-68EBE1C4D842}.Release|Any CPU.ActiveCfg = Release|Any CPU
		{895D7DCD-1FC8-4F11-9048-68EBE1C4D842}.Release|Any CPU.Build.0 = Release|Any CPU
	EndGlobalSection
	GlobalSection(SolutionProperties) = preSolution
		HideSolutionNode = FALSE
	EndGlobalSection
	GlobalSection(ExtensibilityGlobals) = postSolution
		SolutionGuid = {647129C1-FF63-427D-A302-A85058E6BA87}
	EndGlobalSection
EndGlobal
